
Microsoft Visual Studio Solution File, Format Version 12.00
# Visual Studio Version 17
VisualStudioVersion = 17.10.35122.118
MinimumVisualStudioVersion = 10.0.40219.1
Project("{FAE04EC0-301F-11D3-BF4B-00C04F79EFBC}") = "MVCAreas", "MVCAreas\MVCAreas.csproj", "{6ACDEEF5-A853-4476-9434-82B7F2925488}"
EndProject
Global
	GlobalSection(SolutionConfigurationPlatforms) = preSolution
		Debug|Any CPU = Debug|Any CPU
		Release|Any CPU = Release|Any CPU
	EndGlobalSection
	GlobalSection(ProjectConfigurationPlatforms) = postSolution
		{6ACDEEF5-A853-4476-9434-82B7F2925488}.Debug|Any CPU.ActiveCfg = Debug|Any CPU
		{6ACDEEF5-A853-4476-9434-82B7F2925488}.Debug|Any CPU.Build.0 = Debug|Any CPU
		{6ACDEEF5-A853-4476-9434-82B7F2925488}.Release|Any CPU.ActiveCfg = Release|Any CPU
		{6ACDEEF5-A853-4476-9434-82B7F2925488}.Release|Any CPU.Build.0 = Release|Any CPU
	EndGlobalSection
	GlobalSection(SolutionProperties) = preSolution
		HideSolutionNode = FALSE
	EndGlobalSection
	GlobalSection(ExtensibilityGlobals) = postSolution
		SolutionGuid = {8260862C-E67F-4070-9D1B-6916A886C3E2}
	EndGlobalSection
EndGlobal
