
Microsoft Visual Studio Solution File, Format Version 12.00
# Visual Studio Version 17
VisualStudioVersion = 17.10.35122.118
MinimumVisualStudioVersion = 10.0.40219.1
Project("{FAE04EC0-301F-11D3-BF4B-00C04F79EFBC}") = "MVCTestEmptyProject", "MVCTestEmptyProject\MVCTestEmptyProject.csproj", "{D0745E61-5D94-4C35-AEF5-FBF0E4875643}"
EndProject
Global
	GlobalSection(SolutionConfigurationPlatforms) = preSolution
		Debug|Any CPU = Debug|Any CPU
		Release|Any CPU = Release|Any CPU
	EndGlobalSection
	GlobalSection(ProjectConfigurationPlatforms) = postSolution
		{D0745E61-5D94-4C35-AEF5-FBF0E4875643}.Debug|Any CPU.ActiveCfg = Debug|Any CPU
		{D0745E61-5D94-4C35-AEF5-FBF0E4875643}.Debug|Any CPU.Build.0 = Debug|Any CPU
		{D0745E61-5D94-4C35-AEF5-FBF0E4875643}.Release|Any CPU.ActiveCfg = Release|Any CPU
		{D0745E61-5D94-4C35-AEF5-FBF0E4875643}.Release|Any CPU.Build.0 = Release|Any CPU
	EndGlobalSection
	GlobalSection(SolutionProperties) = preSolution
		HideSolutionNode = FALSE
	EndGlobalSection
	GlobalSection(ExtensibilityGlobals) = postSolution
		SolutionGuid = {05E58E2A-3EA7-406D-8D29-831F196413B8}
	EndGlobalSection
EndGlobal
