
Microsoft Visual Studio Solution File, Format Version 12.00
# Visual Studio Version 17
VisualStudioVersion = 17.12.35506.116 d17.12
MinimumVisualStudioVersion = 10.0.40219.1
Project("{FAE04EC0-301F-11D3-BF4B-00C04F79EFBC}") = "MVCWithEFCF1", "MVCWithEFCF1\MVCWithEFCF1.csproj", "{BD35397E-05D5-49B5-966C-F98A00EC415E}"
EndProject
Global
	GlobalSection(SolutionConfigurationPlatforms) = preSolution
		Debug|Any CPU = Debug|Any CPU
		Release|Any CPU = Release|Any CPU
	EndGlobalSection
	GlobalSection(ProjectConfigurationPlatforms) = postSolution
		{BD35397E-05D5-49B5-966C-F98A00EC415E}.Debug|Any CPU.ActiveCfg = Debug|Any CPU
		{BD35397E-05D5-49B5-966C-F98A00EC415E}.Debug|Any CPU.Build.0 = Debug|Any CPU
		{BD35397E-05D5-49B5-966C-F98A00EC415E}.Release|Any CPU.ActiveCfg = Release|Any CPU
		{BD35397E-05D5-49B5-966C-F98A00EC415E}.Release|Any CPU.Build.0 = Release|Any CPU
	EndGlobalSection
	GlobalSection(SolutionProperties) = preSolution
		HideSolutionNode = FALSE
	EndGlobalSection
EndGlobal
