
Microsoft Visual Studio Solution File, Format Version 12.00
# Visual Studio Version 17
VisualStudioVersion = 17.10.35122.118
MinimumVisualStudioVersion = 10.0.40219.1
Project("{FAE04EC0-301F-11D3-BF4B-00C04F79EFBC}") = "MVCTestEmptyProject3", "MVCTestEmptyProject3\MVCTestEmptyProject3.csproj", "{8CEE3DE6-76AD-4D2E-9BE4-93C892767AF3}"
EndProject
Global
	GlobalSection(SolutionConfigurationPlatforms) = preSolution
		Debug|Any CPU = Debug|Any CPU
		Release|Any CPU = Release|Any CPU
	EndGlobalSection
	GlobalSection(ProjectConfigurationPlatforms) = postSolution
		{8CEE3DE6-76AD-4D2E-9BE4-93C892767AF3}.Debug|Any CPU.ActiveCfg = Debug|Any CPU
		{8CEE3DE6-76AD-4D2E-9BE4-93C892767AF3}.Debug|Any CPU.Build.0 = Debug|Any CPU
		{8CEE3DE6-76AD-4D2E-9BE4-93C892767AF3}.Release|Any CPU.ActiveCfg = Release|Any CPU
		{8CEE3DE6-76AD-4D2E-9BE4-93C892767AF3}.Release|Any CPU.Build.0 = Release|Any CPU
	EndGlobalSection
	GlobalSection(SolutionProperties) = preSolution
		HideSolutionNode = FALSE
	EndGlobalSection
	GlobalSection(ExtensibilityGlobals) = postSolution
		SolutionGuid = {C815EA60-C5F2-4F2D-8F01-3E7F9C87A901}
	EndGlobalSection
EndGlobal
